// !$*UTF8*$!
{
	archiveVersion = 1;
	classes = {
	};
	objectVersion = 55;
	objects = {

/* Begin PBXBuildFile section */
		4FAEEACC29221B8A00978534 /* AppDelegate.swift in Sources */ = {isa = PBXBuildFile; fileRef = 4FAEEACB29221B8A00978534 /* AppDelegate.swift */; };
		4FAEEACE29221B8A00978534 /* SceneDelegate.swift in Sources */ = {isa = PBXBuildFile; fileRef = 4FAEEACD29221B8A00978534 /* SceneDelegate.swift */; };
		4FAEEAD029221B8A00978534 /* ViewController.swift in Sources */ = {isa = PBXBuildFile; fileRef = 4FAEEACF29221B8A00978534 /* ViewController.swift */; };
		4FAEEAD329221B8A00978534 /* Main.storyboard in Resources */ = {isa = PBXBuildFile; fileRef = 4FAEEAD129221B8A00978534 /* Main.storyboard */; };
		4FAEEAD529221B8F00978534 /* Assets.xcassets in Resources */ = {isa = PBXBuildFile; fileRef = 4FAEEAD429221B8F00978534 /* Assets.xcassets */; };
		4FAEEAD829221B8F00978534 /* LaunchScreen.storyboard in Resources */ = {isa = PBXBuildFile; fileRef = 4FAEEAD629221B8F00978534 /* LaunchScreen.storyboard */; };
		4FAEEAE329221B8F00978534 /* MutriksTests.swift in Sources */ = {isa = PBXBuildFile; fileRef = 4FAEEAE229221B8F00978534 /* MutriksTests.swift */; };
		4FAEEAED29221B8F00978534 /* MutriksUITests.swift in Sources */ = {isa = PBXBuildFile; fileRef = 4FAEEAEC29221B8F00978534 /* MutriksUITests.swift */; };
		4FAEEAEF29221B8F00978534 /* MutriksUITestsLaunchTests.swift in Sources */ = {isa = PBXBuildFile; fileRef = 4FAEEAEE29221B8F00978534 /* MutriksUITestsLaunchTests.swift */; };
/* End PBXBuildFile section */

/* Begin PBXContainerItemProxy section */
		4FAEEADF29221B8F00978534 /* PBXContainerItemProxy */ = {
			isa = PBXContainerItemProxy;
			containerPortal = 4FAEEAC029221B8900978534 /* Project object */;
			proxyType = 1;
			remoteGlobalIDString = 4FAEEAC729221B8A00978534;
			remoteInfo = Mutriks;
		};
		4FAEEAE929221B8F00978534 /* PBXContainerItemProxy */ = {
			isa = PBXContainerItemProxy;
			containerPortal = 4FAEEAC029221B8900978534 /* Project object */;
			proxyType = 1;
			remoteGlobalIDString = 4FAEEAC729221B8A00978534;
			remoteInfo = Mutriks;
		};
/* End PBXContainerItemProxy section */

/* Begin PBXFileReference section */
		4FAEEAC829221B8A00978534 /* Mutriks.app */ = {isa = PBXFileReference; explicitFileType = wrapper.application; includeInIndex = 0; path = Mutriks.app; sourceTree = BUILT_PRODUCTS_DIR; };
		4FAEEACB29221B8A00978534 /* AppDelegate.swift */ = {isa = PBXFileReference; lastKnownFileType = sourcecode.swift; path = AppDelegate.swift; sourceTree = "<group>"; };
		4FAEEACD29221B8A00978534 /* SceneDelegate.swift */ = {isa = PBXFileReference; lastKnownFileType = sourcecode.swift; path = SceneDelegate.swift; sourceTree = "<group>"; };
		4FAEEACF29221B8A00978534 /* ViewController.swift */ = {isa = PBXFileReference; lastKnownFileType = sourcecode.swift; path = ViewController.swift; sourceTree = "<group>"; };
		4FAEEAD229221B8A00978534 /* Base */ = {isa = PBXFileReference; lastKnownFileType = file.storyboard; name = Base; path = Base.lproj/Main.storyboard; sourceTree = "<group>"; };
		4FAEEAD429221B8F00978534 /* Assets.xcassets */ = {isa = PBXFileReference; lastKnownFileType = folder.assetcatalog; path = Assets.xcassets; sourceTree = "<group>"; };
		4FAEEAD729221B8F00978534 /* Base */ = {isa = PBXFileReference; lastKnownFileType = file.storyboard; name = Base; path = Base.lproj/LaunchScreen.storyboard; sourceTree = "<group>"; };
		4FAEEAD929221B8F00978534 /* Info.plist */ = {isa = PBXFileReference; lastKnownFileType = text.plist.xml; path = Info.plist; sourceTree = "<group>"; };
		4FAEEADE29221B8F00978534 /* MutriksTests.xctest */ = {isa = PBXFileReference; explicitFileType = wrapper.cfbundle; includeInIndex = 0; path = MutriksTests.xctest; sourceTree = BUILT_PRODUCTS_DIR; };
		4FAEEAE229221B8F00978534 /* MutriksTests.swift */ = {isa = PBXFileReference; lastKnownFileType = sourcecode.swift; path = MutriksTests.swift; sourceTree = "<group>"; };
		4FAEEAE829221B8F00978534 /* MutriksUITests.xctest */ = {isa = PBXFileReference; explicitFileType = wrapper.cfbundle; includeInIndex = 0; path = MutriksUITests.xctest; sourceTree = BUILT_PRODUCTS_DIR; };
		4FAEEAEC29221B8F00978534 /* MutriksUITests.swift */ = {isa = PBXFileReference; lastKnownFileType = sourcecode.swift; path = MutriksUITests.swift; sourceTree = "<group>"; };
		4FAEEAEE29221B8F00978534 /* MutriksUITestsLaunchTests.swift */ = {isa = PBXFileReference; lastKnownFileType = sourcecode.swift; path = MutriksUITestsLaunchTests.swift; sourceTree = "<group>"; };
/* End PBXFileReference section */

/* Begin PBXFrameworksBuildPhase section */
		4FAEEAC529221B8A00978534 /* Frameworks */ = {
			isa = PBXFrameworksBuildPhase;
			buildActionMask = 2147483647;
			files = (
			);
			runOnlyForDeploymentPostprocessing = 0;
		};
		4FAEEADB29221B8F00978534 /* Frameworks */ = {
			isa = PBXFrameworksBuildPhase;
			buildActionMask = 2147483647;
			files = (
			);
			runOnlyForDeploymentPostprocessing = 0;
		};
		4FAEEAE529221B8F00978534 /* Frameworks */ = {
			isa = PBXFrameworksBuildPhase;
			buildActionMask = 2147483647;
			files = (
			);
			runOnlyForDeploymentPostprocessing = 0;
		};
/* End PBXFrameworksBuildPhase section */

/* Begin PBXGroup section */
		4FAEEABF29221B8900978534 = {
			isa = PBXGroup;
			children = (
				4FAEEACA29221B8A00978534 /* Mutriks */,
				4FAEEAE129221B8F00978534 /* MutriksTests */,
				4FAEEAEB29221B8F00978534 /* MutriksUITests */,
				4FAEEAC929221B8A00978534 /* Products */,
			);
			sourceTree = "<group>";
		};
		4FAEEAC929221B8A00978534 /* Products */ = {
			isa = PBXGroup;
			children = (
				4FAEEAC829221B8A00978534 /* Mutriks.app */,
				4FAEEADE29221B8F00978534 /* MutriksTests.xctest */,
				4FAEEAE829221B8F00978534 /* MutriksUITests.xctest */,
			);
			name = Products;
			sourceTree = "<group>";
		};
		4FAEEACA29221B8A00978534 /* Mutriks */ = {
			isa = PBXGroup;
			children = (
				4FAEEACB29221B8A00978534 /* AppDelegate.swift */,
				4FAEEACD29221B8A00978534 /* SceneDelegate.swift */,
				4FAEEACF29221B8A00978534 /* ViewController.swift */,
				4FAEEAD129221B8A00978534 /* Main.storyboard */,
				4FAEEAD429221B8F00978534 /* Assets.xcassets */,
				4FAEEAD629221B8F00978534 /* LaunchScreen.storyboard */,
				4FAEEAD929221B8F00978534 /* Info.plist */,
			);
			path = Mutriks;
			sourceTree = "<group>";
		};
		4FAEEAE129221B8F00978534 /* MutriksTests */ = {
			isa = PBXGroup;
			children = (
				4FAEEAE229221B8F00978534 /* MutriksTests.swift */,
			);
			path = MutriksTests;
			sourceTree = "<group>";
		};
		4FAEEAEB29221B8F00978534 /* MutriksUITests */ = {
			isa = PBXGroup;
			children = (
				4FAEEAEC29221B8F00978534 /* MutriksUITests.swift */,
				4FAEEAEE29221B8F00978534 /* MutriksUITestsLaunchTests.swift */,
			);
			path = MutriksUITests;
			sourceTree = "<group>";
		};
/* End PBXGroup section */

/* Begin PBXNativeTarget section */
		4FAEEAC729221B8A00978534 /* Mutriks */ = {
			isa = PBXNativeTarget;
			buildConfigurationList = 4FAEEAF229221B8F00978534 /* Build configuration list for PBXNativeTarget "Mutriks" */;
			buildPhases = (
				4FAEEAC429221B8A00978534 /* Sources */,
				4FAEEAC529221B8A00978534 /* Frameworks */,
				4FAEEAC629221B8A00978534 /* Resources */,
			);
			buildRules = (
			);
			dependencies = (
			);
			name = Mutriks;
			productName = Mutriks;
			productReference = 4FAEEAC829221B8A00978534 /* Mutriks.app */;
			productType = "com.apple.product-type.application";
		};
		4FAEEADD29221B8F00978534 /* MutriksTests */ = {
			isa = PBXNativeTarget;
			buildConfigurationList = 4FAEEAF529221B8F00978534 /* Build configuration list for PBXNativeTarget "MutriksTests" */;
			buildPhases = (
				4FAEEADA29221B8F00978534 /* Sources */,
				4FAEEADB29221B8F00978534 /* Frameworks */,
				4FAEEADC29221B8F00978534 /* Resources */,
			);
			buildRules = (
			);
			dependencies = (
				4FAEEAE029221B8F00978534 /* PBXTargetDependency */,
			);
			name = MutriksTests;
			productName = MutriksTests;
			productReference = 4FAEEADE29221B8F00978534 /* MutriksTests.xctest */;
			productType = "com.apple.product-type.bundle.unit-test";
		};
		4FAEEAE729221B8F00978534 /* MutriksUITests */ = {
			isa = PBXNativeTarget;
			buildConfigurationList = 4FAEEAF829221B8F00978534 /* Build configuration list for PBXNativeTarget "MutriksUITests" */;
			buildPhases = (
				4FAEEAE429221B8F00978534 /* Sources */,
				4FAEEAE529221B8F00978534 /* Frameworks */,
				4FAEEAE629221B8F00978534 /* Resources */,
			);
			buildRules = (
			);
			dependencies = (
				4FAEEAEA29221B8F00978534 /* PBXTargetDependency */,
			);
			name = MutriksUITests;
			productName = MutriksUITests;
			productReference = 4FAEEAE829221B8F00978534 /* MutriksUITests.xctest */;
			productType = "com.apple.product-type.bundle.ui-testing";
		};
/* End PBXNativeTarget section */

/* Begin PBXProject section */
		4FAEEAC029221B8900978534 /* Project object */ = {
			isa = PBXProject;
			attributes = {
				BuildIndependentTargetsInParallel = 1;
				LastSwiftUpdateCheck = 1320;
				LastUpgradeCheck = 1320;
				TargetAttributes = {
					4FAEEAC729221B8A00978534 = {
						CreatedOnToolsVersion = 13.2.1;
					};
					4FAEEADD29221B8F00978534 = {
						CreatedOnToolsVersion = 13.2.1;
						TestTargetID = 4FAEEAC729221B8A00978534;
					};
					4FAEEAE729221B8F00978534 = {
						CreatedOnToolsVersion = 13.2.1;
						TestTargetID = 4FAEEAC729221B8A00978534;
					};
				};
			};
			buildConfigurationList = 4FAEEAC329221B8900978534 /* Build configuration list for PBXProject "Mutriks" */;
			compatibilityVersion = "Xcode 13.0";
			developmentRegion = en;
			hasScannedForEncodings = 0;
			knownRegions = (
				en,
				Base,
			);
			mainGroup = 4FAEEABF29221B8900978534;
			productRefGroup = 4FAEEAC929221B8A00978534 /* Products */;
			projectDirPath = "";
			projectRoot = "";
			targets = (
				4FAEEAC729221B8A00978534 /* Mutriks */,
				4FAEEADD29221B8F00978534 /* MutriksTests */,
				4FAEEAE729221B8F00978534 /* MutriksUITests */,
			);
		};
/* End PBXProject section */

/* Begin PBXResourcesBuildPhase section */
		4FAEEAC629221B8A00978534 /* Resources */ = {
			isa = PBXResourcesBuildPhase;
			buildActionMask = 2147483647;
			files = (
				4FAEEAD829221B8F00978534 /* LaunchScreen.storyboard in Resources */,
				4FAEEAD529221B8F00978534 /* Assets.xcassets in Resources */,
				4FAEEAD329221B8A00978534 /* Main.storyboard in Resources */,
			);
			runOnlyForDeploymentPostprocessing = 0;
		};
		4FAEEADC29221B8F00978534 /* Resources */ = {
			isa = PBXResourcesBuildPhase;
			buildActionMask = 2147483647;
			files = (
			);
			runOnlyForDeploymentPostprocessing = 0;
		};
		4FAEEAE629221B8F00978534 /* Resources */ = {
			isa = PBXResourcesBuildPhase;
			buildActionMask = 2147483647;
			files = (
			);
			runOnlyForDeploymentPostprocessing = 0;
		};
/* End PBXResourcesBuildPhase section */

/* Begin PBXSourcesBuildPhase section */
		4FAEEAC429221B8A00978534 /* Sources */ = {
			isa = PBXSourcesBuildPhase;
			buildActionMask = 2147483647;
			files = (
				4FAEEAD029221B8A00978534 /* ViewController.swift in Sources */,
				4FAEEACC29221B8A00978534 /* AppDelegate.swift in Sources */,
				4FAEEACE29221B8A00978534 /* SceneDelegate.swift in Sources */,
			);
			runOnlyForDeploymentPostprocessing = 0;
		};
		4FAEEADA29221B8F00978534 /* Sources */ = {
			isa = PBXSourcesBuildPhase;
			buildActionMask = 2147483647;
			files = (
				4FAEEAE329221B8F00978534 /* MutriksTests.swift in Sources */,
			);
			runOnlyForDeploymentPostprocessing = 0;
		};
		4FAEEAE429221B8F00978534 /* Sources */ = {
			isa = PBXSourcesBuildPhase;
			buildActionMask = 2147483647;
			files = (
				4FAEEAEF29221B8F00978534 /* MutriksUITestsLaunchTests.swift in Sources */,
				4FAEEAED29221B8F00978534 /* MutriksUITests.swift in Sources */,
			);
			runOnlyForDeploymentPostprocessing = 0;
		};
/* End PBXSourcesBuildPhase section */

/* Begin PBXTargetDependency section */
		4FAEEAE029221B8F00978534 /* PBXTargetDependency */ = {
			isa = PBXTargetDependency;
			target = 4FAEEAC729221B8A00978534 /* Mutriks */;
			targetProxy = 4FAEEADF29221B8F00978534 /* PBXContainerItemProxy */;
		};
		4FAEEAEA29221B8F00978534 /* PBXTargetDependency */ = {
			isa = PBXTargetDependency;
			target = 4FAEEAC729221B8A00978534 /* Mutriks */;
			targetProxy = 4FAEEAE929221B8F00978534 /* PBXContainerItemProxy */;
		};
/* End PBXTargetDependency section */

/* Begin PBXVariantGroup section */
		4FAEEAD129221B8A00978534 /* Main.storyboard */ = {
			isa = PBXVariantGroup;
			children = (
				4FAEEAD229221B8A00978534 /* Base */,
			);
			name = Main.storyboard;
			sourceTree = "<group>";
		};
		4FAEEAD629221B8F00978534 /* LaunchScreen.storyboard */ = {
			isa = PBXVariantGroup;
			children = (
				4FAEEAD729221B8F00978534 /* Base */,
			);
			name = LaunchScreen.storyboard;
			sourceTree = "<group>";
		};
/* End PBXVariantGroup section */

/* Begin XCBuildConfiguration section */
		4FAEEAF029221B8F00978534 /* Debug */ = {
			isa = XCBuildConfiguration;
			buildSettings = {
				ALWAYS_SEARCH_USER_PATHS = NO;
				CLANG_ANALYZER_NONNULL = YES;
				CLANG_ANALYZER_NUMBER_OBJECT_CONVERSION = YES_AGGRESSIVE;
				CLANG_CXX_LANGUAGE_STANDARD = "gnu++17";
				CLANG_CXX_LIBRARY = "libc++";
				CLANG_ENABLE_MODULES = YES;
				CLANG_ENABLE_OBJC_ARC = YES;
				CLANG_ENABLE_OBJC_WEAK = YES;
				CLANG_WARN_BLOCK_CAPTURE_AUTORELEASING = YES;
				CLANG_WARN_BOOL_CONVERSION = YES;
				CLANG_WARN_COMMA = YES;
				CLANG_WARN_CONSTANT_CONVERSION = YES;
				CLANG_WARN_DEPRECATED_OBJC_IMPLEMENTATIONS = YES;
				CLANG_WARN_DIRECT_OBJC_ISA_USAGE = YES_ERROR;
				CLANG_WARN_DOCUMENTATION_COMMENTS = YES;
				CLANG_WARN_EMPTY_BODY = YES;
				CLANG_WARN_ENUM_CONVERSION = YES;
				CLANG_WARN_INFINITE_RECURSION = YES;
				CLANG_WARN_INT_CONVERSION = YES;
				CLANG_WARN_NON_LITERAL_NULL_CONVERSION = YES;
				CLANG_WARN_OBJC_IMPLICIT_RETAIN_SELF = YES;
				CLANG_WARN_OBJC_LITERAL_CONVERSION = YES;
				CLANG_WARN_OBJC_ROOT_CLASS = YES_ERROR;
				CLANG_WARN_QUOTED_INCLUDE_IN_FRAMEWORK_HEADER = YES;
				CLANG_WARN_RANGE_LOOP_ANALYSIS = YES;
				CLANG_WARN_STRICT_PROTOTYPES = YES;
				CLANG_WARN_SUSPICIOUS_MOVE = YES;
				CLANG_WARN_UNGUARDED_AVAILABILITY = YES_AGGRESSIVE;
				CLANG_WARN_UNREACHABLE_CODE = YES;
				CLANG_WARN__DUPLICATE_METHOD_MATCH = YES;
				COPY_PHASE_STRIP = NO;
				DEBUG_INFORMATION_FORMAT = dwarf;
				ENABLE_STRICT_OBJC_MSGSEND = YES;
				ENABLE_TESTABILITY = YES;
				GCC_C_LANGUAGE_STANDARD = gnu11;
				GCC_DYNAMIC_NO_PIC = NO;
				GCC_NO_COMMON_BLOCKS = YES;
				GCC_OPTIMIZATION_LEVEL = 0;
				GCC_PREPROCESSOR_DEFINITIONS = (
					"DEBUG=1",
					"$(inherited)",
				);
				GCC_WARN_64_TO_32_BIT_CONVERSION = YES;
				GCC_WARN_ABOUT_RETURN_TYPE = YES_ERROR;
				GCC_WARN_UNDECLARED_SELECTOR = YES;
				GCC_WARN_UNINITIALIZED_AUTOS = YES_AGGRESSIVE;
				GCC_WARN_UNUSED_FUNCTION = YES;
				GCC_WARN_UNUSED_VARIABLE = YES;
				IPHONEOS_DEPLOYMENT_TARGET = 15.2;
				MTL_ENABLE_DEBUG_INFO = INCLUDE_SOURCE;
				MTL_FAST_MATH = YES;
				ONLY_ACTIVE_ARCH = YES;
				SDKROOT = iphoneos;
				SWIFT_ACTIVE_COMPILATION_CONDITIONS = DEBUG;
				SWIFT_OPTIMIZATION_LEVEL = "-Onone";
			};
			name = Debug;
		};
		4FAEEAF129221B8F00978534 /* Release */ = {
			isa = XCBuildConfiguration;
			buildSettings = {
				ALWAYS_SEARCH_USER_PATHS = NO;
				CLANG_ANALYZER_NONNULL = YES;
				CLANG_ANALYZER_NUMBER_OBJECT_CONVERSION = YES_AGGRESSIVE;
				CLANG_CXX_LANGUAGE_STANDARD = "gnu++17";
				CLANG_CXX_LIBRARY = "libc++";
				CLANG_ENABLE_MODULES = YES;
				CLANG_ENABLE_OBJC_ARC = YES;
				CLANG_ENABLE_OBJC_WEAK = YES;
				CLANG_WARN_BLOCK_CAPTURE_AUTORELEASING = YES;
				CLANG_WARN_BOOL_CONVERSION = YES;
				CLANG_WARN_COMMA = YES;
				CLANG_WARN_CONSTANT_CONVERSION = YES;
				CLANG_WARN_DEPRECATED_OBJC_IMPLEMENTATIONS = YES;
				CLANG_WARN_DIRECT_OBJC_ISA_USAGE = YES_ERROR;
				CLANG_WARN_DOCUMENTATION_COMMENTS = YES;
				CLANG_WARN_EMPTY_BODY = YES;
				CLANG_WARN_ENUM_CONVERSION = YES;
				CLANG_WARN_INFINITE_RECURSION = YES;
				CLANG_WARN_INT_CONVERSION = YES;
				CLANG_WARN_NON_LITERAL_NULL_CONVERSION = YES;
				CLANG_WARN_OBJC_IMPLICIT_RETAIN_SELF = YES;
				CLANG_WARN_OBJC_LITERAL_CONVERSION = YES;
				CLANG_WARN_OBJC_ROOT_CLASS = YES_ERROR;
				CLANG_WARN_QUOTED_INCLUDE_IN_FRAMEWORK_HEADER = YES;
				CLANG_WARN_RANGE_LOOP_ANALYSIS = YES;
				CLANG_WARN_STRICT_PROTOTYPES = YES;
				CLANG_WARN_SUSPICIOUS_MOVE = YES;
				CLANG_WARN_UNGUARDED_AVAILABILITY = YES_AGGRESSIVE;
				CLANG_WARN_UNREACHABLE_CODE = YES;
				CLANG_WARN__DUPLICATE_METHOD_MATCH = YES;
				COPY_PHASE_STRIP = NO;
				DEBUG_INFORMATION_FORMAT = "dwarf-with-dsym";
				ENABLE_NS_ASSERTIONS = NO;
				ENABLE_STRICT_OBJC_MSGSEND = YES;
				GCC_C_LANGUAGE_STANDARD = gnu11;
				GCC_NO_COMMON_BLOCKS = YES;
				GCC_WARN_64_TO_32_BIT_CONVERSION = YES;
				GCC_WARN_ABOUT_RETURN_TYPE = YES_ERROR;
				GCC_WARN_UNDECLARED_SELECTOR = YES;
				GCC_WARN_UNINITIALIZED_AUTOS = YES_AGGRESSIVE;
				GCC_WARN_UNUSED_FUNCTION = YES;
				GCC_WARN_UNUSED_VARIABLE = YES;
				IPHONEOS_DEPLOYMENT_TARGET = 15.2;
				MTL_ENABLE_DEBUG_INFO = NO;
				MTL_FAST_MATH = YES;
				SDKROOT = iphoneos;
				SWIFT_COMPILATION_MODE = wholemodule;
				SWIFT_OPTIMIZATION_LEVEL = "-O";
				VALIDATE_PRODUCT = YES;
			};
			name = Release;
		};
		4FAEEAF329221B8F00978534 /* Debug */ = {
			isa = XCBuildConfiguration;
			buildSettings = {
				ASSETCATALOG_COMPILER_APPICON_NAME = AppIcon;
				ASSETCATALOG_COMPILER_GLOBAL_ACCENT_COLOR_NAME = AccentColor;
				CODE_SIGN_STYLE = Automatic;
				CURRENT_PROJECT_VERSION = 1;
				GENERATE_INFOPLIST_FILE = YES;
				INFOPLIST_FILE = Mutriks/Info.plist;
				INFOPLIST_KEY_UIApplicationSupportsIndirectInputEvents = YES;
				INFOPLIST_KEY_UILaunchStoryboardName = LaunchScreen;
				INFOPLIST_KEY_UIMainStoryboardFile = Main;
				INFOPLIST_KEY_UISupportedInterfaceOrientations_iPad = "UIInterfaceOrientationPortrait UIInterfaceOrientationPortraitUpsideDown UIInterfaceOrientationLandscapeLeft UIInterfaceOrientationLandscapeRight";
				INFOPLIST_KEY_UISupportedInterfaceOrientations_iPhone = "UIInterfaceOrientationPortrait UIInterfaceOrientationLandscapeLeft UIInterfaceOrientationLandscapeRight";
				LD_RUNPATH_SEARCH_PATHS = (
					"$(inherited)",
					"@executable_path/Frameworks",
				);
				MARKETING_VERSION = 1.0;
				PRODUCT_BUNDLE_IDENTIFIER = com.qiiisixxx.Mutriks;
				PRODUCT_NAME = "$(TARGET_NAME)";
				SWIFT_EMIT_LOC_STRINGS = YES;
				SWIFT_VERSION = 5.0;
				TARGETED_DEVICE_FAMILY = "1,2";
			};
			name = Debug;
		};
		4FAEEAF429221B8F00978534 /* Release */ = {
			isa = XCBuildConfiguration;
			buildSettings = {
				ASSETCATALOG_COMPILER_APPICON_NAME = AppIcon;
				ASSETCATALOG_COMPILER_GLOBAL_ACCENT_COLOR_NAME = AccentColor;
				CODE_SIGN_STYLE = Automatic;
				CURRENT_PROJECT_VERSION = 1;
				GENERATE_INFOPLIST_FILE = YES;
				INFOPLIST_FILE = Mutriks/Info.plist;
				INFOPLIST_KEY_UIApplicationSupportsIndirectInputEvents = YES;
				INFOPLIST_KEY_UILaunchStoryboardName = LaunchScreen;
				INFOPLIST_KEY_UIMainStoryboardFile = Main;
				INFOPLIST_KEY_UISupportedInterfaceOrientations_iPad = "UIInterfaceOrientationPortrait UIInterfaceOrientationPortraitUpsideDown UIInterfaceOrientationLandscapeLeft UIInterfaceOrientationLandscapeRight";
				INFOPLIST_KEY_UISupportedInterfaceOrientations_iPhone = "UIInterfaceOrientationPortrait UIInterfaceOrientationLandscapeLeft UIInterfaceOrientationLandscapeRight";
				LD_RUNPATH_SEARCH_PATHS = (
					"$(inherited)",
					"@executable_path/Frameworks",
				);
				MARKETING_VERSION = 1.0;
				PRODUCT_BUNDLE_IDENTIFIER = com.qiiisixxx.Mutriks;
				PRODUCT_NAME = "$(TARGET_NAME)";
				SWIFT_EMIT_LOC_STRINGS = YES;
				SWIFT_VERSION = 5.0;
				TARGETED_DEVICE_FAMILY = "1,2";
			};
			name = Release;
		};
		4FAEEAF629221B8F00978534 /* Debug */ = {
			isa = XCBuildConfiguration;
			buildSettings = {
				ALWAYS_EMBED_SWIFT_STANDARD_LIBRARIES = YES;
				BUNDLE_LOADER = "$(TEST_HOST)";
				CODE_SIGN_STYLE = Automatic;
				CURRENT_PROJECT_VERSION = 1;
				GENERATE_INFOPLIST_FILE = YES;
				IPHONEOS_DEPLOYMENT_TARGET = 15.2;
				MARKETING_VERSION = 1.0;
				PRODUCT_BUNDLE_IDENTIFIER = com.qiiisixxx.MutriksTests;
				PRODUCT_NAME = "$(TARGET_NAME)";
				SWIFT_EMIT_LOC_STRINGS = NO;
				SWIFT_VERSION = 5.0;
				TARGETED_DEVICE_FAMILY = "1,2";
				TEST_HOST = "$(BUILT_PRODUCTS_DIR)/Mutriks.app/Mutriks";
			};
			name = Debug;
		};
		4FAEEAF729221B8F00978534 /* Release */ = {
			isa = XCBuildConfiguration;
			buildSettings = {
				ALWAYS_EMBED_SWIFT_STANDARD_LIBRARIES = YES;
				BUNDLE_LOADER = "$(TEST_HOST)";
				CODE_SIGN_STYLE = Automatic;
				CURRENT_PROJECT_VERSION = 1;
				GENERATE_INFOPLIST_FILE = YES;
				IPHONEOS_DEPLOYMENT_TARGET = 15.2;
				MARKETING_VERSION = 1.0;
				PRODUCT_BUNDLE_IDENTIFIER = com.qiiisixxx.MutriksTests;
				PRODUCT_NAME = "$(TARGET_NAME)";
				SWIFT_EMIT_LOC_STRINGS = NO;
				SWIFT_VERSION = 5.0;
				TARGETED_DEVICE_FAMILY = "1,2";
				TEST_HOST = "$(BUILT_PRODUCTS_DIR)/Mutriks.app/Mutriks";
			};
			name = Release;
		};
		4FAEEAF929221B8F00978534 /* Debug */ = {
			isa = XCBuildConfiguration;
			buildSettings = {
				ALWAYS_EMBED_SWIFT_STANDARD_LIBRARIES = YES;
				CODE_SIGN_STYLE = Automatic;
				CURRENT_PROJECT_VERSION = 1;
				GENERATE_INFOPLIST_FILE = YES;
				MARKETING_VERSION = 1.0;
				PRODUCT_BUNDLE_IDENTIFIER = com.qiiisixxx.MutriksUITests;
				PRODUCT_NAME = "$(TARGET_NAME)";
				SWIFT_EMIT_LOC_STRINGS = NO;
				SWIFT_VERSION = 5.0;
				TARGETED_DEVICE_FAMILY = "1,2";
				TEST_TARGET_NAME = Mutriks;
			};
			name = Debug;
		};
		4FAEEAFA29221B8F00978534 /* Release */ = {
			isa = XCBuildConfiguration;
			buildSettings = {
				ALWAYS_EMBED_SWIFT_STANDARD_LIBRARIES = YES;
				CODE_SIGN_STYLE = Automatic;
				CURRENT_PROJECT_VERSION = 1;
				GENERATE_INFOPLIST_FILE = YES;
				MARKETING_VERSION = 1.0;
				PRODUCT_BUNDLE_IDENTIFIER = com.qiiisixxx.MutriksUITests;
				PRODUCT_NAME = "$(TARGET_NAME)";
				SWIFT_EMIT_LOC_STRINGS = NO;
				SWIFT_VERSION = 5.0;
				TARGETED_DEVICE_FAMILY = "1,2";
				TEST_TARGET_NAME = Mutriks;
			};
			name = Release;
		};
/* End XCBuildConfiguration section */

/* Begin XCConfigurationList section */
		4FAEEAC329221B8900978534 /* Build configuration list for PBXProject "Mutriks" */ = {
			isa = XCConfigurationList;
			buildConfigurations = (
				4FAEEAF029221B8F00978534 /* Debug */,
				4FAEEAF129221B8F00978534 /* Release */,
			);
			defaultConfigurationIsVisible = 0;
			defaultConfigurationName = Release;
		};
		4FAEEAF229221B8F00978534 /* Build configuration list for PBXNativeTarget "Mutriks" */ = {
			isa = XCConfigurationList;
			buildConfigurations = (
				4FAEEAF329221B8F00978534 /* Debug */,
				4FAEEAF429221B8F00978534 /* Release */,
			);
			defaultConfigurationIsVisible = 0;
			defaultConfigurationName = Release;
		};
		4FAEEAF529221B8F00978534 /* Build configuration list for PBXNativeTarget "MutriksTests" */ = {
			isa = XCConfigurationList;
			buildConfigurations = (
				4FAEEAF629221B8F00978534 /* Debug */,
				4FAEEAF729221B8F00978534 /* Release */,
			);
			defaultConfigurationIsVisible = 0;
			defaultConfigurationName = Release;
		};
		4FAEEAF829221B8F00978534 /* Build configuration list for PBXNativeTarget "MutriksUITests" */ = {
			isa = XCConfigurationList;
			buildConfigurations = (
				4FAEEAF929221B8F00978534 /* Debug */,
				4FAEEAFA29221B8F00978534 /* Release */,
			);
			defaultConfigurationIsVisible = 0;
			defaultConfigurationName = Release;
		};
/* End XCConfigurationList section */
	};
	rootObject = 4FAEEAC029221B8900978534 /* Project object */;
}
